
Microsoft Visual Studio Solution File, Format Version 12.00
# Visual Studio 2012
Project("{FAE04EC0-301F-11D3-BF4B-00C04F79EFBC}") = "UserClient", "UserClient\UserClient.csproj", "{833A0EC9-6745-4C2B-959F-0669453983ED}"
EndProject
Project("{FAE04EC0-301F-11D3-BF4B-00C04F79EFBC}") = "AdminClient", "AdminClient\AdminClient.csproj", "{89070A29-F7F1-4D33-9A57-8EFDBFC6AA64}"
EndProject
Project("{FAE04EC0-301F-11D3-BF4B-00C04F79EFBC}") = "CommunicationLibTests", "UnitTestProject1\CommunicationLibTests.csproj", "{92130FF6-D4D4-4C68-905E-0E39859AC5A1}"
EndProject
Project("{FAE04EC0-301F-11D3-BF4B-00C04F79EFBC}") = "CommunicationLib", "CommunicationLib\CommunicationLib.csproj", "{4C425A0B-326A-40F3-B0F3-E5FCB73F47EF}"
EndProject
Global
	GlobalSection(SubversionScc) = preSolution
		Svn-Managed = True
		Manager = AnkhSVN - Subversion Support for Visual Studio
	EndGlobalSection
	GlobalSection(SolutionConfigurationPlatforms) = preSolution
		Debug|Any CPU = Debug|Any CPU
		Release|Any CPU = Release|Any CPU
	EndGlobalSection
	GlobalSection(ProjectConfigurationPlatforms) = postSolution
		{833A0EC9-6745-4C2B-959F-0669453983ED}.Debug|Any CPU.ActiveCfg = Debug|Any CPU
		{833A0EC9-6745-4C2B-959F-0669453983ED}.Debug|Any CPU.Build.0 = Debug|Any CPU
		{833A0EC9-6745-4C2B-959F-0669453983ED}.Release|Any CPU.ActiveCfg = Release|Any CPU
		{833A0EC9-6745-4C2B-959F-0669453983ED}.Release|Any CPU.Build.0 = Release|Any CPU
		{89070A29-F7F1-4D33-9A57-8EFDBFC6AA64}.Debug|Any CPU.ActiveCfg = Debug|Any CPU
		{89070A29-F7F1-4D33-9A57-8EFDBFC6AA64}.Debug|Any CPU.Build.0 = Debug|Any CPU
		{89070A29-F7F1-4D33-9A57-8EFDBFC6AA64}.Release|Any CPU.ActiveCfg = Release|Any CPU
		{89070A29-F7F1-4D33-9A57-8EFDBFC6AA64}.Release|Any CPU.Build.0 = Release|Any CPU
		{92130FF6-D4D4-4C68-905E-0E39859AC5A1}.Debug|Any CPU.ActiveCfg = Debug|Any CPU
		{92130FF6-D4D4-4C68-905E-0E39859AC5A1}.Debug|Any CPU.Build.0 = Debug|Any CPU
		{92130FF6-D4D4-4C68-905E-0E39859AC5A1}.Release|Any CPU.ActiveCfg = Release|Any CPU
		{92130FF6-D4D4-4C68-905E-0E39859AC5A1}.Release|Any CPU.Build.0 = Release|Any CPU
		{4C425A0B-326A-40F3-B0F3-E5FCB73F47EF}.Debug|Any CPU.ActiveCfg = Debug|Any CPU
		{4C425A0B-326A-40F3-B0F3-E5FCB73F47EF}.Debug|Any CPU.Build.0 = Debug|Any CPU
		{4C425A0B-326A-40F3-B0F3-E5FCB73F47EF}.Release|Any CPU.ActiveCfg = Release|Any CPU
		{4C425A0B-326A-40F3-B0F3-E5FCB73F47EF}.Release|Any CPU.Build.0 = Release|Any CPU
	EndGlobalSection
	GlobalSection(SolutionProperties) = preSolution
		HideSolutionNode = FALSE
	EndGlobalSection
EndGlobal
