
Microsoft Visual Studio Solution File, Format Version 12.00
# Visual Studio 2012
Project("{FAE04EC0-301F-11D3-BF4B-00C04F79EFBC}") = "UserClient", "UserClient\UserClient.csproj", "{E1F079A6-9FF6-4E38-AFDE-526C876084AD}"
EndProject
Global
	GlobalSection(SolutionConfigurationPlatforms) = preSolution
		Debug|Any CPU = Debug|Any CPU
		Release|Any CPU = Release|Any CPU
	EndGlobalSection
	GlobalSection(ProjectConfigurationPlatforms) = postSolution
		{E1F079A6-9FF6-4E38-AFDE-526C876084AD}.Debug|Any CPU.ActiveCfg = Debug|Any CPU
		{E1F079A6-9FF6-4E38-AFDE-526C876084AD}.Debug|Any CPU.Build.0 = Debug|Any CPU
		{E1F079A6-9FF6-4E38-AFDE-526C876084AD}.Release|Any CPU.ActiveCfg = Release|Any CPU
		{E1F079A6-9FF6-4E38-AFDE-526C876084AD}.Release|Any CPU.Build.0 = Release|Any CPU
	EndGlobalSection
	GlobalSection(SolutionProperties) = preSolution
		HideSolutionNode = FALSE
	EndGlobalSection
EndGlobal
